
Microsoft Visual Studio Solution File, Format Version 12.00
# Visual Studio Version 17
VisualStudioVersion = 17.7.34018.315
MinimumVisualStudioVersion = 10.0.40219.1
Project("{FAE04EC0-301F-11D3-BF4B-00C04F79EFBC}") = "inluppg1.2", "inluppg1.2\inluppg1.2.csproj", "{CBC1A210-9D33-4C67-B214-C744D7130CAF}"
EndProject
Global
	GlobalSection(SolutionConfigurationPlatforms) = preSolution
		Debug|Any CPU = Debug|Any CPU
		Release|Any CPU = Release|Any CPU
	EndGlobalSection
	GlobalSection(ProjectConfigurationPlatforms) = postSolution
		{CBC1A210-9D33-4C67-B214-C744D7130CAF}.Debug|Any CPU.ActiveCfg = Debug|Any CPU
		{CBC1A210-9D33-4C67-B214-C744D7130CAF}.Debug|Any CPU.Build.0 = Debug|Any CPU
		{CBC1A210-9D33-4C67-B214-C744D7130CAF}.Release|Any CPU.ActiveCfg = Release|Any CPU
		{CBC1A210-9D33-4C67-B214-C744D7130CAF}.Release|Any CPU.Build.0 = Release|Any CPU
	EndGlobalSection
	GlobalSection(SolutionProperties) = preSolution
		HideSolutionNode = FALSE
	EndGlobalSection
	GlobalSection(ExtensibilityGlobals) = postSolution
		SolutionGuid = {FAFAD57B-8F6E-4123-9EA8-B864B8D57824}
	EndGlobalSection
EndGlobal
